
Microsoft Visual Studio Solution File, Format Version 12.00
# Visual Studio Version 17
VisualStudioVersion = 17.11.35312.102
MinimumVisualStudioVersion = 10.0.40219.1
Project("{FAE04EC0-301F-11D3-BF4B-00C04F79EFBC}") = "2024-25-02-02-02", "2024-25-02-02-02.csproj", "{86429E2B-F17C-4A1E-B3F8-CDA277F3576F}"
EndProject
Global
	GlobalSection(SolutionConfigurationPlatforms) = preSolution
		Debug|Any CPU = Debug|Any CPU
		Release|Any CPU = Release|Any CPU
	EndGlobalSection
	GlobalSection(ProjectConfigurationPlatforms) = postSolution
		{86429E2B-F17C-4A1E-B3F8-CDA277F3576F}.Debug|Any CPU.ActiveCfg = Debug|Any CPU
		{86429E2B-F17C-4A1E-B3F8-CDA277F3576F}.Debug|Any CPU.Build.0 = Debug|Any CPU
		{86429E2B-F17C-4A1E-B3F8-CDA277F3576F}.Release|Any CPU.ActiveCfg = Release|Any CPU
		{86429E2B-F17C-4A1E-B3F8-CDA277F3576F}.Release|Any CPU.Build.0 = Release|Any CPU
	EndGlobalSection
	GlobalSection(SolutionProperties) = preSolution
		HideSolutionNode = FALSE
	EndGlobalSection
	GlobalSection(ExtensibilityGlobals) = postSolution
		SolutionGuid = {B1159255-E28D-499C-A6A5-47D78066B69C}
	EndGlobalSection
EndGlobal
