
Microsoft Visual Studio Solution File, Format Version 12.00
# Visual Studio Version 17
VisualStudioVersion = 17.11.35327.3
MinimumVisualStudioVersion = 10.0.40219.1
Project("{FAE04EC0-301F-11D3-BF4B-00C04F79EFBC}") = "ConsoleApp1", "ConsoleApp1.csproj", "{78BDC05E-38AD-4A88-95C0-6194EC826571}"
EndProject
Global
	GlobalSection(SolutionConfigurationPlatforms) = preSolution
		Debug|Any CPU = Debug|Any CPU
		Release|Any CPU = Release|Any CPU
	EndGlobalSection
	GlobalSection(ProjectConfigurationPlatforms) = postSolution
		{78BDC05E-38AD-4A88-95C0-6194EC826571}.Debug|Any CPU.ActiveCfg = Debug|Any CPU
		{78BDC05E-38AD-4A88-95C0-6194EC826571}.Debug|Any CPU.Build.0 = Debug|Any CPU
		{78BDC05E-38AD-4A88-95C0-6194EC826571}.Release|Any CPU.ActiveCfg = Release|Any CPU
		{78BDC05E-38AD-4A88-95C0-6194EC826571}.Release|Any CPU.Build.0 = Release|Any CPU
	EndGlobalSection
	GlobalSection(SolutionProperties) = preSolution
		HideSolutionNode = FALSE
	EndGlobalSection
	GlobalSection(ExtensibilityGlobals) = postSolution
		SolutionGuid = {1479D831-53A6-4B21-9BAD-32884AC5E640}
	EndGlobalSection
EndGlobal
